
Microsoft Visual Studio Solution File, Format Version 12.00
# Visual Studio Version 17
VisualStudioVersion = 17.14.36616.10 d17.14
MinimumVisualStudioVersion = 10.0.40219.1
Project("{FAE04EC0-301F-11D3-BF4B-00C04F79EFBC}") = "GIMINIAI", "GIMINIAI\GIMINIAI.csproj", "{62123A25-22F1-44BF-A78B-62EA0C93928A}"
EndProject
Global
	GlobalSection(SolutionConfigurationPlatforms) = preSolution
		Debug|Any CPU = Debug|Any CPU
		Release|Any CPU = Release|Any CPU
	EndGlobalSection
	GlobalSection(ProjectConfigurationPlatforms) = postSolution
		{62123A25-22F1-44BF-A78B-62EA0C93928A}.Debug|Any CPU.ActiveCfg = Debug|Any CPU
		{62123A25-22F1-44BF-A78B-62EA0C93928A}.Debug|Any CPU.Build.0 = Debug|Any CPU
		{62123A25-22F1-44BF-A78B-62EA0C93928A}.Release|Any CPU.ActiveCfg = Release|Any CPU
		{62123A25-22F1-44BF-A78B-62EA0C93928A}.Release|Any CPU.Build.0 = Release|Any CPU
	EndGlobalSection
	GlobalSection(SolutionProperties) = preSolution
		HideSolutionNode = FALSE
	EndGlobalSection
	GlobalSection(ExtensibilityGlobals) = postSolution
		SolutionGuid = {0A0440B1-1696-4315-B2B5-9384855F69EE}
	EndGlobalSection
EndGlobal
